
Microsoft Visual Studio Solution File, Format Version 12.00
# Visual Studio 14
VisualStudioVersion = 14.0.25123.0
MinimumVisualStudioVersion = 10.0.40219.1
Project("{FAE04EC0-301F-11D3-BF4B-00C04F79EFBC}") = "PIReplay.Service", "AppService\PIReplay.Service.csproj", "{1FBEA0AD-EA46-4053-A2D3-151BB5DB49F3}"
	ProjectSection(ProjectDependencies) = postProject
		{C870F4C0-4EA7-430E-B3CB-2FBACF9804D5} = {C870F4C0-4EA7-430E-B3CB-2FBACF9804D5}
	EndProjectSection
EndProject
Project("{FAE04EC0-301F-11D3-BF4B-00C04F79EFBC}") = "PIReplay.CommandLine", "AppCmdLine\PIReplay.CommandLine.csproj", "{C870F4C0-4EA7-430E-B3CB-2FBACF9804D5}"
EndProject
Project("{FAE04EC0-301F-11D3-BF4B-00C04F79EFBC}") = "PIReplay.Settings.GUI", "AppSettingsGUI\PIReplay.Settings.GUI.csproj", "{98675C01-9466-4B55-971A-2DB1D89794E0}"
	ProjectSection(ProjectDependencies) = postProject
		{1FBEA0AD-EA46-4053-A2D3-151BB5DB49F3} = {1FBEA0AD-EA46-4053-A2D3-151BB5DB49F3}
		{C870F4C0-4EA7-430E-B3CB-2FBACF9804D5} = {C870F4C0-4EA7-430E-B3CB-2FBACF9804D5}
	EndProjectSection
EndProject
Project("{FAE04EC0-301F-11D3-BF4B-00C04F79EFBC}") = "PIReplay.Settings", "AppSettings\PIReplay.Settings.csproj", "{B217D8F1-458A-4C3F-9614-080D520E7C0B}"
EndProject
Project("{FAE04EC0-301F-11D3-BF4B-00C04F79EFBC}") = "PIReplay.Core", "AppCore\PIReplay.Core.csproj", "{DE39BF39-C91D-4E1E-897F-A20E2AC7FE6E}"
EndProject
Project("{2150E333-8FDC-42A3-9474-1A3956D46DE8}") = "Solution Items", "Solution Items", "{79CE80F2-E5FE-4393-BEB1-1657DA6F6893}"
	ProjectSection(SolutionItems) = preProject
		app.config = app.config
	EndProjectSection
EndProject
Global
	GlobalSection(SolutionConfigurationPlatforms) = preSolution
		Debug|Any CPU = Debug|Any CPU
		Debug|Mixed Platforms = Debug|Mixed Platforms
		Debug|x64 = Debug|x64
		Debug|x86 = Debug|x86
		Release|Any CPU = Release|Any CPU
		Release|Mixed Platforms = Release|Mixed Platforms
		Release|x64 = Release|x64
		Release|x86 = Release|x86
	EndGlobalSection
	GlobalSection(ProjectConfigurationPlatforms) = postSolution
		{1FBEA0AD-EA46-4053-A2D3-151BB5DB49F3}.Debug|Any CPU.ActiveCfg = Debug|Any CPU
		{1FBEA0AD-EA46-4053-A2D3-151BB5DB49F3}.Debug|Any CPU.Build.0 = Debug|Any CPU
		{1FBEA0AD-EA46-4053-A2D3-151BB5DB49F3}.Debug|Mixed Platforms.ActiveCfg = Debug|Any CPU
		{1FBEA0AD-EA46-4053-A2D3-151BB5DB49F3}.Debug|Mixed Platforms.Build.0 = Debug|Any CPU
		{1FBEA0AD-EA46-4053-A2D3-151BB5DB49F3}.Debug|x64.ActiveCfg = Debug|x64
		{1FBEA0AD-EA46-4053-A2D3-151BB5DB49F3}.Debug|x64.Build.0 = Debug|x64
		{1FBEA0AD-EA46-4053-A2D3-151BB5DB49F3}.Debug|x86.ActiveCfg = Debug|x86
		{1FBEA0AD-EA46-4053-A2D3-151BB5DB49F3}.Debug|x86.Build.0 = Debug|x86
		{1FBEA0AD-EA46-4053-A2D3-151BB5DB49F3}.Release|Any CPU.ActiveCfg = Release|x86
		{1FBEA0AD-EA46-4053-A2D3-151BB5DB49F3}.Release|Mixed Platforms.ActiveCfg = Release|x86
		{1FBEA0AD-EA46-4053-A2D3-151BB5DB49F3}.Release|Mixed Platforms.Build.0 = Release|x86
		{1FBEA0AD-EA46-4053-A2D3-151BB5DB49F3}.Release|x64.ActiveCfg = Release|x64
		{1FBEA0AD-EA46-4053-A2D3-151BB5DB49F3}.Release|x86.ActiveCfg = Release|x86
		{1FBEA0AD-EA46-4053-A2D3-151BB5DB49F3}.Release|x86.Build.0 = Release|x86
		{C870F4C0-4EA7-430E-B3CB-2FBACF9804D5}.Debug|Any CPU.ActiveCfg = Debug|Any CPU
		{C870F4C0-4EA7-430E-B3CB-2FBACF9804D5}.Debug|Any CPU.Build.0 = Debug|Any CPU
		{C870F4C0-4EA7-430E-B3CB-2FBACF9804D5}.Debug|Mixed Platforms.ActiveCfg = Debug|Any CPU
		{C870F4C0-4EA7-430E-B3CB-2FBACF9804D5}.Debug|Mixed Platforms.Build.0 = Debug|Any CPU
		{C870F4C0-4EA7-430E-B3CB-2FBACF9804D5}.Debug|x64.ActiveCfg = Debug|x64
		{C870F4C0-4EA7-430E-B3CB-2FBACF9804D5}.Debug|x64.Build.0 = Debug|x64
		{C870F4C0-4EA7-430E-B3CB-2FBACF9804D5}.Debug|x86.ActiveCfg = Debug|x86
		{C870F4C0-4EA7-430E-B3CB-2FBACF9804D5}.Debug|x86.Build.0 = Debug|x86
		{C870F4C0-4EA7-430E-B3CB-2FBACF9804D5}.Release|Any CPU.ActiveCfg = Release|x86
		{C870F4C0-4EA7-430E-B3CB-2FBACF9804D5}.Release|Mixed Platforms.ActiveCfg = Release|x86
		{C870F4C0-4EA7-430E-B3CB-2FBACF9804D5}.Release|Mixed Platforms.Build.0 = Release|x86
		{C870F4C0-4EA7-430E-B3CB-2FBACF9804D5}.Release|x64.ActiveCfg = Release|x64
		{C870F4C0-4EA7-430E-B3CB-2FBACF9804D5}.Release|x86.ActiveCfg = Release|x86
		{C870F4C0-4EA7-430E-B3CB-2FBACF9804D5}.Release|x86.Build.0 = Release|x86
		{98675C01-9466-4B55-971A-2DB1D89794E0}.Debug|Any CPU.ActiveCfg = Debug|Any CPU
		{98675C01-9466-4B55-971A-2DB1D89794E0}.Debug|Any CPU.Build.0 = Debug|Any CPU
		{98675C01-9466-4B55-971A-2DB1D89794E0}.Debug|Mixed Platforms.ActiveCfg = Debug|Any CPU
		{98675C01-9466-4B55-971A-2DB1D89794E0}.Debug|Mixed Platforms.Build.0 = Debug|Any CPU
		{98675C01-9466-4B55-971A-2DB1D89794E0}.Debug|x64.ActiveCfg = Debug|x64
		{98675C01-9466-4B55-971A-2DB1D89794E0}.Debug|x64.Build.0 = Debug|x64
		{98675C01-9466-4B55-971A-2DB1D89794E0}.Debug|x86.ActiveCfg = Debug|x86
		{98675C01-9466-4B55-971A-2DB1D89794E0}.Debug|x86.Build.0 = Debug|x86
		{98675C01-9466-4B55-971A-2DB1D89794E0}.Release|Any CPU.ActiveCfg = Release|x86
		{98675C01-9466-4B55-971A-2DB1D89794E0}.Release|Mixed Platforms.ActiveCfg = Release|x86
		{98675C01-9466-4B55-971A-2DB1D89794E0}.Release|Mixed Platforms.Build.0 = Release|x86
		{98675C01-9466-4B55-971A-2DB1D89794E0}.Release|x64.ActiveCfg = Release|x64
		{98675C01-9466-4B55-971A-2DB1D89794E0}.Release|x86.ActiveCfg = Release|x86
		{98675C01-9466-4B55-971A-2DB1D89794E0}.Release|x86.Build.0 = Release|x86
		{B217D8F1-458A-4C3F-9614-080D520E7C0B}.Debug|Any CPU.ActiveCfg = Debug|Any CPU
		{B217D8F1-458A-4C3F-9614-080D520E7C0B}.Debug|Any CPU.Build.0 = Debug|Any CPU
		{B217D8F1-458A-4C3F-9614-080D520E7C0B}.Debug|Mixed Platforms.ActiveCfg = Debug|Any CPU
		{B217D8F1-458A-4C3F-9614-080D520E7C0B}.Debug|Mixed Platforms.Build.0 = Debug|Any CPU
		{B217D8F1-458A-4C3F-9614-080D520E7C0B}.Debug|x64.ActiveCfg = Debug|x64
		{B217D8F1-458A-4C3F-9614-080D520E7C0B}.Debug|x64.Build.0 = Debug|x64
		{B217D8F1-458A-4C3F-9614-080D520E7C0B}.Debug|x86.ActiveCfg = Debug|x86
		{B217D8F1-458A-4C3F-9614-080D520E7C0B}.Debug|x86.Build.0 = Debug|x86
		{B217D8F1-458A-4C3F-9614-080D520E7C0B}.Release|Any CPU.ActiveCfg = Release|Any CPU
		{B217D8F1-458A-4C3F-9614-080D520E7C0B}.Release|Any CPU.Build.0 = Release|Any CPU
		{B217D8F1-458A-4C3F-9614-080D520E7C0B}.Release|Mixed Platforms.ActiveCfg = Release|Any CPU
		{B217D8F1-458A-4C3F-9614-080D520E7C0B}.Release|Mixed Platforms.Build.0 = Release|Any CPU
		{B217D8F1-458A-4C3F-9614-080D520E7C0B}.Release|x64.ActiveCfg = Release|x64
		{B217D8F1-458A-4C3F-9614-080D520E7C0B}.Release|x64.Build.0 = Release|x64
		{B217D8F1-458A-4C3F-9614-080D520E7C0B}.Release|x86.ActiveCfg = Release|Any CPU
		{DE39BF39-C91D-4E1E-897F-A20E2AC7FE6E}.Debug|Any CPU.ActiveCfg = Debug|Any CPU
		{DE39BF39-C91D-4E1E-897F-A20E2AC7FE6E}.Debug|Any CPU.Build.0 = Debug|Any CPU
		{DE39BF39-C91D-4E1E-897F-A20E2AC7FE6E}.Debug|Mixed Platforms.ActiveCfg = Debug|Any CPU
		{DE39BF39-C91D-4E1E-897F-A20E2AC7FE6E}.Debug|Mixed Platforms.Build.0 = Debug|Any CPU
		{DE39BF39-C91D-4E1E-897F-A20E2AC7FE6E}.Debug|x64.ActiveCfg = Debug|x64
		{DE39BF39-C91D-4E1E-897F-A20E2AC7FE6E}.Debug|x64.Build.0 = Debug|x64
		{DE39BF39-C91D-4E1E-897F-A20E2AC7FE6E}.Debug|x86.ActiveCfg = Debug|x86
		{DE39BF39-C91D-4E1E-897F-A20E2AC7FE6E}.Debug|x86.Build.0 = Debug|x86
		{DE39BF39-C91D-4E1E-897F-A20E2AC7FE6E}.Release|Any CPU.ActiveCfg = Release|Any CPU
		{DE39BF39-C91D-4E1E-897F-A20E2AC7FE6E}.Release|Any CPU.Build.0 = Release|Any CPU
		{DE39BF39-C91D-4E1E-897F-A20E2AC7FE6E}.Release|Mixed Platforms.ActiveCfg = Release|Any CPU
		{DE39BF39-C91D-4E1E-897F-A20E2AC7FE6E}.Release|Mixed Platforms.Build.0 = Release|Any CPU
		{DE39BF39-C91D-4E1E-897F-A20E2AC7FE6E}.Release|x64.ActiveCfg = Release|x64
		{DE39BF39-C91D-4E1E-897F-A20E2AC7FE6E}.Release|x64.Build.0 = Release|x64
		{DE39BF39-C91D-4E1E-897F-A20E2AC7FE6E}.Release|x86.ActiveCfg = Release|Any CPU
	EndGlobalSection
	GlobalSection(SolutionProperties) = preSolution
		HideSolutionNode = FALSE
	EndGlobalSection
EndGlobal
